
Microsoft Visual Studio Solution File, Format Version 12.00
# Visual Studio 15
VisualStudioVersion = 15.0.27130.2010
MinimumVisualStudioVersion = 10.0.40219.1
Project("{FAE04EC0-301F-11D3-BF4B-00C04F79EFBC}") = "sinemaaa", "sinemaaa\sinemaaa.csproj", "{62CD2B73-2554-4608-889F-16DC50C76759}"
EndProject
Global
	GlobalSection(SolutionConfigurationPlatforms) = preSolution
		Debug|Any CPU = Debug|Any CPU
		Release|Any CPU = Release|Any CPU
	EndGlobalSection
	GlobalSection(ProjectConfigurationPlatforms) = postSolution
		{62CD2B73-2554-4608-889F-16DC50C76759}.Debug|Any CPU.ActiveCfg = Debug|Any CPU
		{62CD2B73-2554-4608-889F-16DC50C76759}.Debug|Any CPU.Build.0 = Debug|Any CPU
		{62CD2B73-2554-4608-889F-16DC50C76759}.Release|Any CPU.ActiveCfg = Release|Any CPU
		{62CD2B73-2554-4608-889F-16DC50C76759}.Release|Any CPU.Build.0 = Release|Any CPU
	EndGlobalSection
	GlobalSection(SolutionProperties) = preSolution
		HideSolutionNode = FALSE
	EndGlobalSection
	GlobalSection(ExtensibilityGlobals) = postSolution
		SolutionGuid = {D7CFCDBA-6AB4-4462-90D3-6CDBA454D57E}
	EndGlobalSection
EndGlobal
